%{
  "castore": {:hex, :castore, "1.0.8", "dede02ff7dc1911b338da910237b12410e410a6c", [:mix], [], "hexpm", "0b2b66d2ee742cb1d9691018595db55990e17b3a0e10a0aa0bc1e1538ddb2c65"},
  "cowboy": {:hex, :cowboy, "2.12.0", "f276d521a1ff88b2b9b4c54d0e753da3cfa4b40bda7e5c067131b63ad1d6f3e0", [:rebar3], [{:cowlib, "~> 2.13.0", [hex: :cowlib, repo: "hexpm", optional: false]}, {:ranch, "~> 2.1.0", [hex: :ranch, repo: "hexpm", optional: false]}], "hexpm", "8a7abe6d183372ceb2fcc9a84f091617243c34caff4f9db148ffbf5228362563"},
  "cowboy_telemetry": {:hex, :cowboy_telemetry, "0.4.0", "f239f68b588efa7707abce16a84d0d2acf3a0f50571f8bb7f5260a20f691ad72", [:make, :rebar3], [{:cowboy, "~> 2.7", [hex: :cowboy, repo: "hexpm", optional: false]}, {:telemetry, "~> 1.0", [hex: :telemetry, repo: "hexpm", optional: false]}], "hexpm", "7d98bac1ee4565d31b62d59f8823dfd8356a169e7fcbb838b3b81b3a44539723"},
  "cowlib": {:hex, :cowlib, "2.13.0", "db8f7505d81127b4293a1f8376c7f55a930a3e1238b754c635f1b8e68db96a3d", [:rebar3], [], "hexpm", "e1e1284dc3fc030a64b1ad0d8382ae7197e1626636ad4350254e358a3fde751e"},
  "db_connection": {:hex, :db_connection, "2.7.0", "b99faa9291bb09892c7da373bb82cba59aefa9b3f3a6fd838f8382ba35c6eb73", [:mix], [{:telemetry, "~> 1.0", [hex: :telemetry, repo: "hexpm", optional: false]}], "hexpm", "dcf08f3142450c161b2131c31842cd9c835ccf391d1171ff40d40431b6fb5f1d"},
  "decimal": {:hex, :decimal, "2.1.1", "5611d83d7aaf46ea2ff40d125e0351151f51753c01294765eae7be1825012974", [:mix], [], "hexpm", "53cfe5f497ed6177f79383e72e80324593148135e9afc58e435cd41561cf2f1e"},
  "dns_cluster": {:hex, :dns_cluster, "0.1.3", "0bc20a2c88ed6cc494f2964075c3da3add65eba860b384b2da3ba0385f7b32f1", [:mix], [{:jason, "~> 1.4", [hex: :jason, repo: "hexpm", optional: false]}], "hexpm", "af55c826f182b1ae07c0bf2c5081278e290f18a119c69ce8e269e0c18cc19fcb"},
  "ecto": {:hex, :ecto, "3.12.4", "267c94d9f2969e6acc4dd5e3e3bff606a22b03c0e3ce39460e39a049312af062", [:mix], [{:decimal, "~> 2.0", [hex: :decimal, repo: "hexpm", optional: false]}, {:jason, "~> 1.0", [hex: :jason, repo: "hexpm", optional: true]}, {:telemetry, "~> 0.4 or ~> 1.0", [hex: :telemetry, repo: "hexpm", optional: false]}], "hexpm", "8bbe94e12168eecf139e88ce2391325bd9ae3c2da95be3d241ab57c115b897e5"},
  "ecto_sql": {:hex, :ecto_sql, "3.12.1", "c0d0d1fd273265dd5027f1667bf899c260f6eb064b5a93c3e2fe5b1e841d5058", [:mix], [{:db_connection, "~> 2.4", [hex: :db_connection, repo: "hexpm", optional: false]}, {:ecto, "~> 3.12", [hex: :ecto, repo: "hexpm", optional: false]}, {:myxql, "~> 0.7", [hex: :myxql, repo: "hexpm", optional: true]}, {:postgrex, "~> 0.16 or ~> 1.0", [hex: :postgrex, repo: "hexpm", optional: true]}, {:tds, "~> 2.1", [hex: :tds, repo: "hexpm", optional: true]}, {:telemetry, "~> 0.4 or ~> 1.0", [hex: :telemetry, repo: "hexpm", optional: false]}], "hexpm", "aff5b958a899762c5f09028c84786f7369a54475f1dbb09abf9e7407ae4374f4"},
  "esbuild": {:hex, :esbuild, "0.8.1", "f985517038f714eab4e1381e6e5407214b881171", [:mix], [{:jason, "~> 1.4", [hex: :jason, repo: "hexpm", optional: false]}], "hexpm", "2536b73650c59df95f97563b8f9e05b1f5a2e3ce7c60e0085942b5c2e8f00d28"},
  "expo": {:hex, :expo, "1.1.0", "f7b9ed7fb5745ebe1eeedf3d6f49d6991aba193027b104052101af034660b9b6", [:mix], [], "hexpm", "fbadf93f4700fb42148305b1f093d226cd2535255057eadd1c8ee57e3016a13f"},
  "file_system": {:hex, :file_system, "1.0.1", "7671cc7d33caab281e8703b7e06827b5847b9a81b779395f24a64597749d1c2b", [:mix], [], "hexpm", "cbfcb8c2369fd2047b71431e169b205aa1d980b200e6a8e6fa3fb6e75a59785e"},
  "finch": {:hex, :finch, "0.19.0", "c6109c1249f518e4bf23ad1e9b1667dbab8dab0698251f24dc4eedbc06a0272e", [:mix], [{:mime, "~> 1.0 or ~> 2.0", [hex: :mime, repo: "hexpm", optional: false]}, {:mint, "~> 1.0", [hex: :mint, repo: "hexpm", optional: false]}, {:nimble_options, "~> 0.4 or ~> 1.0", [hex: :nimble_options, repo: "hexpm", optional: false]}, {:nimble_pool, "~> 0.2", [hex: :nimble_pool, repo: "hexpm", optional: false]}, {:telemetry, "~> 0.4 or ~> 1.0", [hex: :telemetry, repo: "hexpm", optional: false]}], "hexpm", "fc5324ce209125d1e2fa0fcd2634601c52a787aff1cd33ee833664a5af4ea2b6"},
  "floki": {:hex, :floki, "0.36.2", "4d0289d46e2b93770bf6d6021aa074baf809d8a87796736ea861e48abd4e2ba6", [:mix], [], "hexpm", "7ec81754b95fac2dcb19c55e24e910e9c3902040c47d2d8f7ec9274b1a5c87a4"},
  "gettext": {:hex, :gettext, "0.26.1", "6abd1be6ac20c1d2b620496271937f7274e01a17034e9446472cea801ca48e01", [:mix], [{:expo, "~> 1.0", [hex: :expo, repo: "hexpm", optional: false]}], "hexpm", "78b94ce3ffa0c7b2ea293887fc7aa9e05118f1649c76b509c46a81e1e130d122"},
  "heroicons": {:git, "https://github.com/tailwindlabs/heroicons.git", "0435d4ca53be93a6e6995a0a3f2839c2a79f4f1e", [tag: "v2.1.1", sparse: "optimized"], []},
  "hpax": {:hex, :hpax, "1.0.0", "09dcf5450cdae31b70ddfc020c3dfda6add18de2853c0f5e69160f758b83c13a", [:mix], [], "hexpm", "2c87843d5a23f5f16748ebe7e490b1121cc5c90e09818a19fae9be287fe23244"},
  "jason": {:hex, :jason, "1.4.4", "b9226785a9aa77b6857ca22832cffa5d5011a6672072c2a1180f59fb3a04475c", [:mix], [{:decimal, "~> 2.0", [hex: :decimal, repo: "hexpm", optional: true]}], "hexpm", "c5eb0cab91f094599f94d55bc63409205a4ec9f49d10e7a6dd52555283a2fe68"},
  "mime": {:hex, :mime, "2.0.6", "cde7da4b2917cd7cdb61a0573bacc5f336eea8eacd536e001b8b6774242e4356", [:mix], [], "hexpm", "c4cdaa3601142ce1a2f2ea90f29200fc59e494c721532a49b17a1fe99b0f3779"},
  "mint": {:hex, :mint, "1.6.2", "af6d97a43f7167e1b0d10132147e73405367bc48b69fd8d08528a91e134bf5e4", [:mix], [{:castore, "~> 0.1.0 or ~> 1.0", [hex: :castore, repo: "hexpm", optional: true]}, {:hpax, "~> 0.1.0 or ~> 1.0", [hex: :hpax, repo: "hexpm", optional: false]}], "hexpm", "5ee441dffc1892f1ae5ec501321432170826e4ab5ac83b0ecf9c60e69964bf6e"},
  "myxql": {:hex, :myxql, "0.7.0", "6dda8cd67b9e29877219df2dc012bb9ba315a048b1e920bd177e2592e0e42f56", [:mix], [{:db_connection, "~> 2.4", [hex: :db_connection, repo: "hexpm", optional: false]}, {:decimal, "~> 2.0", [hex: :decimal, repo: "hexpm", optional: false]}, {:jason, "~> 1.0", [hex: :jason, repo: "hexpm", optional: true]}], "hexpm", "ea8286b0e10a81cd31bbeacabecebcff3f8361e11a55f4410a6302d4c8c5c961"},
  "nimble_options": {:hex, :nimble_options, "1.1.1", "e3a492d54d85fc3fd7c5baf411d9d2852922f66e69476317787a7dab264fe280", [:mix], [], "hexpm", "821b2470fba0a1e6cd4303d40ad16190fa26378dae423da0274617797322c4e5"},
  "nimble_pool": {:hex, :nimble_pool, "0.2.6", "9ec36f3d353c3a0aa604a6e1ad416d78f6a38ba87c89318fade974117d2f841b", [:mix], [], "hexpm", "1c715055095d3f2705c4e236c181163417dca8c823a310f7ccc7cc73b0f32de9"},
  "phoenix": {:hex, :phoenix, "1.7.14", "a7d0cf768427de5a8c68ea545c67029002892c45b98c21d1438ea348f4e375c7", [:mix], [{:castore, "~> 0.1.0 or ~> 1.0", [hex: :castore, repo: "hexpm", optional: false]}, {:jason, "~> 1.0", [hex: :jason, repo: "hexpm", optional: true]}, {:phoenix_pubsub, "~> 2.1", [hex: :phoenix_pubsub, repo: "hexpm", optional: false]}, {:phoenix_template, "~> 1.0", [hex: :phoenix_template, repo: "hexpm", optional: false]}, {:phoenix_view, "~> 0.0.3 or ~> 1.0", [hex: :phoenix_view, repo: "hexpm", optional: true]}, {:plug, "~> 1.14", [hex: :plug, repo: "hexpm", optional: false]}, {:plug_cowboy, "~> 2.7", [hex: :plug_cowboy, repo: "hexpm", optional: true]}, {:plug_crypto, "~> 0.1.0 or ~> 1.0", [hex: :plug_crypto, repo: "hexpm", optional: false}], "hexpm", "c7859bc56cc5dfef19ecfc2407759675a41a16f6c42041351d42f639746d8610"},
  "phoenix_ecto": {:hex, :phoenix_ecto, "4.6.3", "f686701b0499a07f2e3b122d84d52ff82b5f2476a24391e41a47c74ba060c59b", [:mix], [{:ecto, "~> 3.5", [hex: :ecto, repo: "hexpm", optional: false]}, {:phoenix_html, "~> 3.3 or ~> 4.0", [hex: :phoenix_html, repo: "hexpm", optional: true]}, {:serial, "~> 0.3.0", [hex: :serial, repo: "hexpm", optional: false]}], "hexpm", "909502956916a657a3857ea6769903c38aedf927ff82c78e8a5e93d26493202e"},
  "phoenix_html": {:hex, :phoenix_html, "4.1.1", "86eb8cd418a2e9cd9b6ee3615f81d5ae2df91844d0a8b02bfdea95bb7020f330", [:mix], [{:plug, "~> 1.5", [hex: :plug, repo: "hexpm", optional: true]}], "hexpm", "71ce298fdabaaf992890f6492a906d43c03e820b5f990e78a52d4ab95490f582"},
  "phoenix_live_dashboard": {:hex, :phoenix_live_dashboard, "0.8.3", "eb5fa202510bcfa2f11587fe59e901b4e30b5a4b5909b7b9a207753aac53eed3", [:mix], [{:ecto, "~> 3.6", [hex: :ecto, repo: "hexpm", optional: true]}, {:ecto_psql_extras, "~> 0.6", [hex: :ecto_psql_extras, repo: "hexpm", optional: true]}, {:ecto_statistics, "~> 0.6", [hex: :ecto_statistics, repo: "hexpm", optional: true]}, {:phoenix_live_view, "~> 0.18 or ~> 1.0", [hex: :phoenix_live_view, repo: "hexpm", optional: true]}, {:swoosh, "~> 1.0", [hex: :swoosh, repo: "hexpm", optional: true]}, {:telemetry_metrics, "~> 0.6 or ~> 1.0", [hex: :telemetry_metrics, repo: "hexpm", optional: true]}], "hexpm", "2334f1a58c9be31f0afd23bb556569453a9a98e021b5d2646eb5200bc793d1b7"},
  "phoenix_live_reload": {:hex, :phoenix_live_reload, "1.5.3", "f2161c207fda00457f13f6be979ead33dcee31b33083d1690790b92194291abc", [:mix], [{:file_system, "~> 0.3 or ~> 1.0", [hex: :file_system, repo: "hexpm", optional: false]}, {:phoenix, "~> 1.4", [hex: :phoenix, repo: "hexpm", optional: false]}], "hexpm", "b4ec9cd73cb01ff1bd1cac92e04562fc94fa5e125a7d5c926bb5533cb36c1a16"},
  "phoenix_live_view": {:hex, :phoenix_live_view, "1.0.0-rc.6", "478ea7e2e0f5405e4767077e58e8d4820a3bc11e51ba12726b1c0f58c0ae3b2b", [:mix], [{:floki, "~> 0.36", [hex: :floki, repo: "hexpm", optional: true]}, {:jason, "~> 1.0", [hex: :joenix, repo: "hexpm", optional: true]}, {:phoenix, "~> 1.6.15 or ~> 1.7.0", [hex: :phoenix, repo: "hexpm", optional: false]}, {:phoenix_html, "~> 3.3 or ~> 4.0", [hex: :phoenix_html, repo: "hexpm", optional: false]}, {:phoenix_template, "~> 1.0", [hex: :phoenix_template, repo: "hexpm", optional: false]}, {:phoenix_view, "~> 0.0.3 or ~> 1.0", [hex: :phoenix_view, repo: "hexpm", optional: true]}, {:plug, "~> 1.14", [hex: :plug, repo: "hexpm", optional: false}], "hexpm", "e56e4a7252dc527e7bc0e4285b4ea8f06f009563a92b12099d628b6468854fc4"},
  "phoenix_pubsub": {:hex, :phoenix_pubsub, "2.1.3", "5968d78ba418357a1fd9a681e2696bb27596283dad026e78cd2e178e2f039217", [:mix], [], "hexpm", "8fffbcfe1d48da2e50dadceda628b285cb390ce58a467bf4cd3aca65c6c84bd3"},
  "phoenix_template": {:hex, :phoenix_template, "1.0.4", "e2092c132f345e5bb413999a3ce69b2a675e4159684b963f7949d9e3e4a275ca", [:mix], [{:phoenix_html, "~> 2.14.2 or ~> 3.0 or ~> 4.0", [hex: :phoenix_html, repo: "hexpm", optional: true]}], "hexpm", "2c0c81f0e5c6753faf5cca2f229c9709919aba34fab866d3bc05060c9c444206"},
  "plug": {:hex, :plug, "1.16.1", "40c74619c1232a722413f65c39f00a18ff8b0c5535a063321cc42758732edc9d", [:mix], [{:mime, "~> 1.0 or ~> 2.0", [hex: :mime, repo: "hexpm", optional: false]}, {:plug_crypto, "~> 0.1.0 or ~> 1.0", [hex: :plug_crypto, repo: "hexpm", optional: false]}, {:telemetry, "~> 0.4.0 or ~> 1.0", [hex: :telemetry, repo: "hexpm", optional: false]}], "hexpm", "a13ff6b90423b014405381dfc701a650ca7379d244f64e43dd9fc78264e31fa0"},
  "plug_cowboy": {:hex, :plug_cowboy, "2.7.1", "87677ffe3bf7beb996a85f2d4194fbaece27253717d2045f38a3622277f90313", [:mix], [{:cowboy, "~> 2.7", [hex: :cowboy, repo: "hexpm", optional: false]}, {:cowboy_telemetry, "~> 0.4.0", [hex: :cowboy_telemetry, repo: "hexpm", optional: false]}, {:plug, "~> 1.14.0", [hex: :plug, repo: "hexpm", optional: false]}], "hexpm", "2b6ace626f2db86164ae394e2ba47d3d84158da96dc1d8e023420af3ef4213ca"},
  "plug_crypto": {:hex, :plug_crypto, "0.1.0", "18e49317d3fa343f34620eddddef1ad22790fa71ea61068fa3d3dc70fd56210e", [:mix], [], "hexpm", "732bfb890e925d2e48d613e11fce830e8fd42c42ab6da5ed9205312bbd8a2882"},
  "postgrex": {:hex, :postgrex, "0.19.3", "a0bda6e3bc75ec00ec6f16a99624dde903caaab4980ad8984344753d18ce23ca", [:mix], [{:db_connection, "~> 2.1", [hex: :db_connection, repo: "hexpm", optional: false}], "hexpm", "d31c28053655b78f47f290165166a135a51fd4a90b49b17ece5a45748d6f8d91"},
  "ranch": {:hex, :ranch, "2.1.0", "05fb9b16f9d7107619b413affdaec9f06c8376af3286f924021624bb77f3a329", [:rebar3], [], "hexpm", "244e305574c54f2d7b08950ba7b13759fe500f82245bc7f3d9450f582906316e"},
  "swoosh": {:hex, :swoosh, "1.17.3", "4c2e1e0c098612fd00be88dd7b19371e7c40d45ef50a03e6d62b39a510e8ce14", [:mix], [{:cowboy, "~> 2.7", [hex: :cowboy, repo: "hexpm", optional: true]}, {:finch, "~> 0.9", [hex: :finch, repo: "hexpm", optional: true}], "hexpm", "143f407e2f5493f0a9e28e43f95e10d80d1944185f459bb0ea105f99a45e47a0"},
  "tailwind": {:hex, :tailwind, "0.2.3", "233676c30741a658334825764607d527c7cff5dc041621793a0216a994fb50a5", [:mix], [{:castore, "~> 0.1.0", [hex: :castore, repo: "hexpm", optional: false]}], "hexpm", "8e45e6688516edb306a10d13a9589a547277cdddef8d85f4ca7c900627b9e613"},
  "telemetry": {:hex, :telemetry, "1.3.0", "fbb3134bc8c90ae33e91af9617e26965ec4e0c43179f94db60a2d2ec7ae5028d", [:rebar3], [], "hexpm", "7c94cd296aae7f1d8c1e2c54be5c85888823953cdd8031d5ba20f7f836f4bb87"},
  "telemetry_metrics": {:hex, :telemetry_metrics, "1.0.0", "2e742d4584a738159e9a240c569ab9d4094f82ffb8ba2a1d383bbb72a990d03e", [:mix], [{:telemetry, "~> 0.4 or ~> 1.0", [hex: :telemetry, repo: "hexpm", optional: false]}], "hexpm", "da2f128ce8dda5e36da85864c35275eb3748f67b8fad38acb2fd47d2f1050f5f"},
  "telemetry_poller": {:hex, :telemetry_poller, "1.1.0", "58fa7c21625729112f34f3b9eea8d19d1916baaf175571cc6b03eb54af5c0ef8", [:mix], [{:telemetry, "~> 0.4 or ~> 1.0", [hex: :telemetry, repo: "hexpm", optional: false]}], "hexpm", "9eb9d9cbfd4deb3237a2857908e969fbed0b33f53dd9c73662d0c8f4c6cae506"},
  "jason": {:hex, :jason, "1.4.4", "b9226785a9aa77b6857ca22832cffa5d5011a6672072c2a1180f59fb3a04475c", [:mix], [{:decimal, "~> 2.0", [hex: :decimal, repo: "hexpm", optional: true]}], "hexpm", "c5eb0cab91f094599f94d55bc63409205a4ec9f49d10e7a6dd52555283a2fe68"},
}
